
Microsoft Visual Studio Solution File, Format Version 12.00
# Visual Studio 15
VisualStudioVersion = 15.0.26124.0
MinimumVisualStudioVersion = 15.0.26124.0
Project("{FAE04EC0-301F-11D3-BF4B-00C04F79EFBC}") = "Trs.API", "trs.api\Trs.API.csproj", "{AD470995-2533-445A-A7E3-E4CBBEA4A70C}"
EndProject
Project("{FAE04EC0-301F-11D3-BF4B-00C04F79EFBC}") = "Trs.Core", "Trs.Core\Trs.Core.csproj", "{8DFD0974-21FF-4556-8B05-418E06AF5EF3}"
EndProject
Project("{FAE04EC0-301F-11D3-BF4B-00C04F79EFBC}") = "Trs.Data", "Trs.Data\Trs.Data.csproj", "{6AA73835-BFC6-4495-80E4-AA943AB1DD64}"
EndProject
Project("{FAE04EC0-301F-11D3-BF4B-00C04F79EFBC}") = "Trs.Engine", "Trs.Engine\Trs.Engine.csproj", "{B6A1FDCA-2E76-49DE-8AEA-97F16BFBC338}"
EndProject
Project("{FAE04EC0-301F-11D3-BF4B-00C04F79EFBC}") = "Trs.Test", "Trs.Test\Trs.Test.csproj", "{35ACFCAE-C0D6-49A6-9CF4-3402FB85FECE}"
EndProject
Global
	GlobalSection(SolutionConfigurationPlatforms) = preSolution
		Debug|Any CPU = Debug|Any CPU
		Debug|x64 = Debug|x64
		Debug|x86 = Debug|x86
		Release|Any CPU = Release|Any CPU
		Release|x64 = Release|x64
		Release|x86 = Release|x86
	EndGlobalSection
	GlobalSection(SolutionProperties) = preSolution
		HideSolutionNode = FALSE
	EndGlobalSection
	GlobalSection(ProjectConfigurationPlatforms) = postSolution
		{AD470995-2533-445A-A7E3-E4CBBEA4A70C}.Debug|Any CPU.ActiveCfg = Debug|Any CPU
		{AD470995-2533-445A-A7E3-E4CBBEA4A70C}.Debug|Any CPU.Build.0 = Debug|Any CPU
		{AD470995-2533-445A-A7E3-E4CBBEA4A70C}.Debug|x64.ActiveCfg = Debug|x64
		{AD470995-2533-445A-A7E3-E4CBBEA4A70C}.Debug|x64.Build.0 = Debug|x64
		{AD470995-2533-445A-A7E3-E4CBBEA4A70C}.Debug|x86.ActiveCfg = Debug|x86
		{AD470995-2533-445A-A7E3-E4CBBEA4A70C}.Debug|x86.Build.0 = Debug|x86
		{AD470995-2533-445A-A7E3-E4CBBEA4A70C}.Release|Any CPU.ActiveCfg = Release|Any CPU
		{AD470995-2533-445A-A7E3-E4CBBEA4A70C}.Release|Any CPU.Build.0 = Release|Any CPU
		{AD470995-2533-445A-A7E3-E4CBBEA4A70C}.Release|x64.ActiveCfg = Release|x64
		{AD470995-2533-445A-A7E3-E4CBBEA4A70C}.Release|x64.Build.0 = Release|x64
		{AD470995-2533-445A-A7E3-E4CBBEA4A70C}.Release|x86.ActiveCfg = Release|x86
		{AD470995-2533-445A-A7E3-E4CBBEA4A70C}.Release|x86.Build.0 = Release|x86
		{8DFD0974-21FF-4556-8B05-418E06AF5EF3}.Debug|Any CPU.ActiveCfg = Debug|Any CPU
		{8DFD0974-21FF-4556-8B05-418E06AF5EF3}.Debug|Any CPU.Build.0 = Debug|Any CPU
		{8DFD0974-21FF-4556-8B05-418E06AF5EF3}.Debug|x64.ActiveCfg = Debug|x64
		{8DFD0974-21FF-4556-8B05-418E06AF5EF3}.Debug|x64.Build.0 = Debug|x64
		{8DFD0974-21FF-4556-8B05-418E06AF5EF3}.Debug|x86.ActiveCfg = Debug|x86
		{8DFD0974-21FF-4556-8B05-418E06AF5EF3}.Debug|x86.Build.0 = Debug|x86
		{8DFD0974-21FF-4556-8B05-418E06AF5EF3}.Release|Any CPU.ActiveCfg = Release|Any CPU
		{8DFD0974-21FF-4556-8B05-418E06AF5EF3}.Release|Any CPU.Build.0 = Release|Any CPU
		{8DFD0974-21FF-4556-8B05-418E06AF5EF3}.Release|x64.ActiveCfg = Release|x64
		{8DFD0974-21FF-4556-8B05-418E06AF5EF3}.Release|x64.Build.0 = Release|x64
		{8DFD0974-21FF-4556-8B05-418E06AF5EF3}.Release|x86.ActiveCfg = Release|x86
		{8DFD0974-21FF-4556-8B05-418E06AF5EF3}.Release|x86.Build.0 = Release|x86
		{6AA73835-BFC6-4495-80E4-AA943AB1DD64}.Debug|Any CPU.ActiveCfg = Debug|Any CPU
		{6AA73835-BFC6-4495-80E4-AA943AB1DD64}.Debug|Any CPU.Build.0 = Debug|Any CPU
		{6AA73835-BFC6-4495-80E4-AA943AB1DD64}.Debug|x64.ActiveCfg = Debug|x64
		{6AA73835-BFC6-4495-80E4-AA943AB1DD64}.Debug|x64.Build.0 = Debug|x64
		{6AA73835-BFC6-4495-80E4-AA943AB1DD64}.Debug|x86.ActiveCfg = Debug|x86
		{6AA73835-BFC6-4495-80E4-AA943AB1DD64}.Debug|x86.Build.0 = Debug|x86
		{6AA73835-BFC6-4495-80E4-AA943AB1DD64}.Release|Any CPU.ActiveCfg = Release|Any CPU
		{6AA73835-BFC6-4495-80E4-AA943AB1DD64}.Release|Any CPU.Build.0 = Release|Any CPU
		{6AA73835-BFC6-4495-80E4-AA943AB1DD64}.Release|x64.ActiveCfg = Release|x64
		{6AA73835-BFC6-4495-80E4-AA943AB1DD64}.Release|x64.Build.0 = Release|x64
		{6AA73835-BFC6-4495-80E4-AA943AB1DD64}.Release|x86.ActiveCfg = Release|x86
		{6AA73835-BFC6-4495-80E4-AA943AB1DD64}.Release|x86.Build.0 = Release|x86
		{B6A1FDCA-2E76-49DE-8AEA-97F16BFBC338}.Debug|Any CPU.ActiveCfg = Debug|Any CPU
		{B6A1FDCA-2E76-49DE-8AEA-97F16BFBC338}.Debug|Any CPU.Build.0 = Debug|Any CPU
		{B6A1FDCA-2E76-49DE-8AEA-97F16BFBC338}.Debug|x64.ActiveCfg = Debug|x64
		{B6A1FDCA-2E76-49DE-8AEA-97F16BFBC338}.Debug|x64.Build.0 = Debug|x64
		{B6A1FDCA-2E76-49DE-8AEA-97F16BFBC338}.Debug|x86.ActiveCfg = Debug|x86
		{B6A1FDCA-2E76-49DE-8AEA-97F16BFBC338}.Debug|x86.Build.0 = Debug|x86
		{B6A1FDCA-2E76-49DE-8AEA-97F16BFBC338}.Release|Any CPU.ActiveCfg = Release|Any CPU
		{B6A1FDCA-2E76-49DE-8AEA-97F16BFBC338}.Release|Any CPU.Build.0 = Release|Any CPU
		{B6A1FDCA-2E76-49DE-8AEA-97F16BFBC338}.Release|x64.ActiveCfg = Release|x64
		{B6A1FDCA-2E76-49DE-8AEA-97F16BFBC338}.Release|x64.Build.0 = Release|x64
		{B6A1FDCA-2E76-49DE-8AEA-97F16BFBC338}.Release|x86.ActiveCfg = Release|x86
		{B6A1FDCA-2E76-49DE-8AEA-97F16BFBC338}.Release|x86.Build.0 = Release|x86
		{35ACFCAE-C0D6-49A6-9CF4-3402FB85FECE}.Debug|Any CPU.ActiveCfg = Debug|Any CPU
		{35ACFCAE-C0D6-49A6-9CF4-3402FB85FECE}.Debug|Any CPU.Build.0 = Debug|Any CPU
		{35ACFCAE-C0D6-49A6-9CF4-3402FB85FECE}.Debug|x64.ActiveCfg = Debug|x64
		{35ACFCAE-C0D6-49A6-9CF4-3402FB85FECE}.Debug|x64.Build.0 = Debug|x64
		{35ACFCAE-C0D6-49A6-9CF4-3402FB85FECE}.Debug|x86.ActiveCfg = Debug|x86
		{35ACFCAE-C0D6-49A6-9CF4-3402FB85FECE}.Debug|x86.Build.0 = Debug|x86
		{35ACFCAE-C0D6-49A6-9CF4-3402FB85FECE}.Release|Any CPU.ActiveCfg = Release|Any CPU
		{35ACFCAE-C0D6-49A6-9CF4-3402FB85FECE}.Release|Any CPU.Build.0 = Release|Any CPU
		{35ACFCAE-C0D6-49A6-9CF4-3402FB85FECE}.Release|x64.ActiveCfg = Release|x64
		{35ACFCAE-C0D6-49A6-9CF4-3402FB85FECE}.Release|x64.Build.0 = Release|x64
		{35ACFCAE-C0D6-49A6-9CF4-3402FB85FECE}.Release|x86.ActiveCfg = Release|x86
		{35ACFCAE-C0D6-49A6-9CF4-3402FB85FECE}.Release|x86.Build.0 = Release|x86
	EndGlobalSection
EndGlobal
